{
  "nodes": {
    "_1password-shell-plugins": {
      "inputs": {
        "nixpkgs": "nixpkgs",
        "systems": "systems"
      },
      "locked": {
        "lastModified": 1756860511,
        "narHash": "sha256-AA8vN5YMXcCznWfaH/2AgtRNpZPG4wvbLTT79u0b+LU=",
        "owner": "1Password",
        "repo": "shell-plugins",
        "rev": "49810df8fe11221250a890191185c6e59aea8d1e",
        "type": "github"
      },
      "original": {
        "owner": "1Password",
        "ref": "main",
        "repo": "shell-plugins",
        "type": "github"
      }
    },
    "brew-api": {
      "flake": false,
      "locked": {
        "lastModified": 1759488424,
        "narHash": "sha256-eLgcVAonri8ZNmdGeVH0xDNQlRRpVE5rjMqHASq8JdU=",
        "owner": "BatteredBunny",
        "repo": "brew-api",
        "rev": "4201d7cb58482e5a26503690bbe69a29987190f2",
        "type": "github"
      },
      "original": {
        "owner": "BatteredBunny",
        "ref": "main",
        "repo": "brew-api",
        "type": "github"
      }
    },
    "brew-nix": {
      "inputs": {
        "brew-api": [
          "brew-api"
        ],
        "nix-darwin": "nix-darwin",
        "nixpkgs": [
          "nixpkgs"
        ]
      },
      "locked": {
        "lastModified": 1749403637,
        "narHash": "sha256-V0zqpWFuZBATo0YWUf41GmPkD0/LfDH+LMu3766YLbY=",
        "owner": "BatteredBunny",
        "repo": "brew-nix",
        "rev": "3cf0142d0629c12dd14f0075b3c8eca7704cef88",
        "type": "github"
      },
      "original": {
        "owner": "BatteredBunny",
        "ref": "main",
        "repo": "brew-nix",
        "type": "github"
      }
    },
    "firefox-addons": {
      "inputs": {
        "nixpkgs": [
          "nixpkgs"
        ]
      },
      "locked": {
        "dir": "pkgs/firefox-addons",
        "lastModified": 1759464207,
        "narHash": "sha256-wy15H4AbfQpTWes4aoFaIxkvK6e9p0lyvypOsTMt5f0=",
        "owner": "rycee",
        "repo": "nur-expressions",
        "rev": "df243385cb4a2263b4888687961ec1f2b5f641f3",
        "type": "gitlab"
      },
      "original": {
        "dir": "pkgs/firefox-addons",
        "owner": "rycee",
        "ref": "master",
        "repo": "nur-expressions",
        "type": "gitlab"
      }
    },
    "flake-compat": {
      "flake": false,
      "locked": {
        "lastModified": 1747046372,
        "narHash": "sha256-CIVLLkVgvHYbgI2UpXvIIBJ12HWgX+fjA8Xf8PUmqCY=",
        "owner": "edolstra",
        "repo": "flake-compat",
        "rev": "9100a0f413b0c601e0533d1d94ffd501ce2e7885",
        "type": "github"
      },
      "original": {
        "owner": "edolstra",
        "repo": "flake-compat",
        "type": "github"
      }
    },
    "flake-parts": {
      "inputs": {
        "nixpkgs-lib": [
          "nixpkgs"
        ]
      },
      "locked": {
        "lastModified": 1759362264,
        "narHash": "sha256-wfG0S7pltlYyZTM+qqlhJ7GMw2fTF4mLKCIVhLii/4M=",
        "owner": "hercules-ci",
        "repo": "flake-parts",
        "rev": "758cf7296bee11f1706a574c77d072b8a7baa881",
        "type": "github"
      },
      "original": {
        "owner": "hercules-ci",
        "ref": "main",
        "repo": "flake-parts",
        "type": "github"
      }
    },
    "git-hooks_nix": {
      "inputs": {
        "flake-compat": "flake-compat",
        "gitignore": "gitignore",
        "nixpkgs": [
          "nixpkgs"
        ]
      },
      "locked": {
        "lastModified": 1758108966,
        "narHash": "sha256-ytw7ROXaWZ7OfwHrQ9xvjpUWeGVm86pwnEd1QhzawIo=",
        "owner": "cachix",
        "repo": "git-hooks.nix",
        "rev": "54df955a695a84cd47d4a43e08e1feaf90b1fd9b",
        "type": "github"
      },
      "original": {
        "owner": "cachix",
        "ref": "master",
        "repo": "git-hooks.nix",
        "type": "github"
      }
    },
    "gitignore": {
      "inputs": {
        "nixpkgs": [
          "git-hooks_nix",
          "nixpkgs"
        ]
      },
      "locked": {
        "lastModified": 1709087332,
        "narHash": "sha256-HG2cCnktfHsKV0s4XW83gU3F57gaTljL9KNSuG6bnQs=",
        "owner": "hercules-ci",
        "repo": "gitignore.nix",
        "rev": "637db329424fd7e46cf4185293b9cc8c88c95394",
        "type": "github"
      },
      "original": {
        "owner": "hercules-ci",
        "repo": "gitignore.nix",
        "type": "github"
      }
    },
    "home-manager": {
      "inputs": {
        "nixpkgs": [
          "nixpkgs"
        ]
      },
      "locked": {
        "lastModified": 1759337100,
        "narHash": "sha256-CcT3QvZ74NGfM+lSOILcCEeU+SnqXRvl1XCRHenZ0Us=",
        "owner": "nix-community",
        "repo": "home-manager",
        "rev": "004753ae6b04c4b18aa07192c1106800aaacf6c3",
        "type": "github"
      },
      "original": {
        "owner": "nix-community",
        "ref": "master",
        "repo": "home-manager",
        "type": "github"
      }
    },
    "jjui": {
      "inputs": {
        "flake-parts": [
          "flake-parts"
        ],
        "nixpkgs": [
          "nixpkgs"
        ],
        "systems": "systems_2"
      },
      "locked": {
        "lastModified": 1756580163,
        "narHash": "sha256-UkgQ3uxWPwLQiNhcZReFifLPD8h+xmH798ckTtia/+4=",
        "owner": "idursun",
        "repo": "jjui",
        "rev": "089610ed87d388fc929b52c3aaf8ddd5e247b844",
        "type": "github"
      },
      "original": {
        "owner": "idursun",
        "ref": "v0.9.3",
        "repo": "jjui",
        "type": "github"
      }
    },
    "nix-darwin": {
      "inputs": {
        "nixpkgs": [
          "brew-nix",
          "nixpkgs"
        ]
      },
      "locked": {
        "lastModified": 1744478979,
        "narHash": "sha256-dyN+teG9G82G+m+PX/aSAagkC+vUv0SgUw3XkPhQodQ=",
        "owner": "nix-darwin",
        "repo": "nix-darwin",
        "rev": "43975d782b418ebf4969e9ccba82466728c2851b",
        "type": "github"
      },
      "original": {
        "owner": "nix-darwin",
        "repo": "nix-darwin",
        "type": "github"
      }
    },
    "nixpkgs": {
      "locked": {
        "lastModified": 1756035328,
        "narHash": "sha256-vC7SslUBCtdT3T37ZH3PLIWYmTkSeppL5BJJByUjYCM=",
        "owner": "NixOS",
        "repo": "nixpkgs",
        "rev": "6b0b1559e918d4f7d1df398ee1d33aeac586d4d6",
        "type": "github"
      },
      "original": {
        "owner": "NixOS",
        "ref": "nixpkgs-unstable",
        "repo": "nixpkgs",
        "type": "github"
      }
    },
    "nixpkgs-stable": {
      "locked": {
        "lastModified": 1759281824,
        "narHash": "sha256-FIBE1qXv9TKvSNwst6FumyHwCRH3BlWDpfsnqRDCll0=",
        "owner": "nixos",
        "repo": "nixpkgs",
        "rev": "5b5be50345d4113d04ba58c444348849f5585b4a",
        "type": "github"
      },
      "original": {
        "owner": "nixos",
        "ref": "nixos-25.05",
        "repo": "nixpkgs",
        "type": "github"
      }
    },
    "nixpkgs_2": {
      "locked": {
        "lastModified": 1759381078,
        "narHash": "sha256-gTrEEp5gEspIcCOx9PD8kMaF1iEmfBcTbO0Jag2QhQs=",
        "owner": "NixOS",
        "repo": "nixpkgs",
        "rev": "7df7ff7d8e00218376575f0acdcc5d66741351ee",
        "type": "github"
      },
      "original": {
        "owner": "NixOS",
        "ref": "nixos-unstable",
        "repo": "nixpkgs",
        "type": "github"
      }
    },
    "root": {
      "inputs": {
        "_1password-shell-plugins": "_1password-shell-plugins",
        "brew-api": "brew-api",
        "brew-nix": "brew-nix",
        "firefox-addons": "firefox-addons",
        "flake-parts": "flake-parts",
        "git-hooks_nix": "git-hooks_nix",
        "home-manager": "home-manager",
        "jjui": "jjui",
        "nixpkgs": "nixpkgs_2",
        "nixpkgs-stable": "nixpkgs-stable",
        "treefmt-nix": "treefmt-nix"
      }
    },
    "systems": {
      "locked": {
        "lastModified": 1681028828,
        "narHash": "sha256-Vy1rq5AaRuLzOxct8nz4T6wlgyUR7zLU309k9mBC768=",
        "owner": "nix-systems",
        "repo": "default",
        "rev": "da67096a3b9bf56a91d16901293e51ba5b49a27e",
        "type": "github"
      },
      "original": {
        "owner": "nix-systems",
        "repo": "default",
        "type": "github"
      }
    },
    "systems_2": {
      "locked": {
        "lastModified": 1681028828,
        "narHash": "sha256-Vy1rq5AaRuLzOxct8nz4T6wlgyUR7zLU309k9mBC768=",
        "owner": "nix-systems",
        "repo": "default",
        "rev": "da67096a3b9bf56a91d16901293e51ba5b49a27e",
        "type": "github"
      },
      "original": {
        "owner": "nix-systems",
        "repo": "default",
        "type": "github"
      }
    },
    "treefmt-nix": {
      "inputs": {
        "nixpkgs": [
          "nixpkgs"
        ]
      },
      "locked": {
        "lastModified": 1758728421,
        "narHash": "sha256-ySNJ008muQAds2JemiyrWYbwbG+V7S5wg3ZVKGHSFu8=",
        "owner": "numtide",
        "repo": "treefmt-nix",
        "rev": "5eda4ee8121f97b218f7cc73f5172098d458f1d1",
        "type": "github"
      },
      "original": {
        "owner": "numtide",
        "ref": "main",
        "repo": "treefmt-nix",
        "type": "github"
      }
    }
  },
  "root": "root",
  "version": 7
}
